
Microsoft Visual Studio Solution File, Format Version 12.00
Project("{FAE04EC0-301F-11D3-BF4B-00C04F79EFBC}") = "Core", "Core\Core.csproj", "{F9A00297-3969-4509-9AD0-1B315430959D}"
EndProject
Project("{FAE04EC0-301F-11D3-BF4B-00C04F79EFBC}") = "CoreTests", "CoreTests\CoreTests.csproj", "{1DBE5E58-CD11-461F-A60F-761B8EDE005A}"
EndProject
Global
	GlobalSection(SolutionConfigurationPlatforms) = preSolution
		Debug|Any CPU = Debug|Any CPU
		Release|Any CPU = Release|Any CPU
	EndGlobalSection
	GlobalSection(ProjectConfigurationPlatforms) = postSolution
		{F9A00297-3969-4509-9AD0-1B315430959D}.Debug|Any CPU.ActiveCfg = Debug|Any CPU
		{F9A00297-3969-4509-9AD0-1B315430959D}.Debug|Any CPU.Build.0 = Debug|Any CPU
		{F9A00297-3969-4509-9AD0-1B315430959D}.Release|Any CPU.ActiveCfg = Release|Any CPU
		{F9A00297-3969-4509-9AD0-1B315430959D}.Release|Any CPU.Build.0 = Release|Any CPU
		{1DBE5E58-CD11-461F-A60F-761B8EDE005A}.Debug|Any CPU.ActiveCfg = Debug|Any CPU
		{1DBE5E58-CD11-461F-A60F-761B8EDE005A}.Debug|Any CPU.Build.0 = Debug|Any CPU
		{1DBE5E58-CD11-461F-A60F-761B8EDE005A}.Release|Any CPU.ActiveCfg = Release|Any CPU
		{1DBE5E58-CD11-461F-A60F-761B8EDE005A}.Release|Any CPU.Build.0 = Release|Any CPU
	EndGlobalSection
EndGlobal
